PODS:
  - Flutter (1.0.0)
  - integration_test (0.0.1):
    - Flutter
  - simx_zendesk_support (0.0.1):
    - Flutter
    - ZendeskAnswerBotSDK
    - ZendeskChatSDK
    - ZendeskCommonUISDK
    - ZendeskCoreSDK
    - ZendeskSupportSDK
  - ZendeskAnswerBotProvidersSDK (6.0.0):
    - ZendeskSupportProvidersSDK (~> 9.0.0)
  - ZendeskAnswerBotSDK (6.0.2):
    - ZendeskAnswerBotProvidersSDK (~> 6.0.0)
    - ZendeskMessagingSDK (~> 6.2.0)
  - ZendeskChatProvidersSDK (5.0.5)
  - ZendeskChatSDK (5.0.7):
    - ZendeskChatProvidersSDK (~> 5.0.5)
    - ZendeskMessagingSDK (~> 6.2.0)
  - ZendeskCommonUISDK (9.2.0)
  - ZendeskCoreSDK (5.0.5)
  - ZendeskMessagingAPISDK (6.0.2):
    - ZendeskSDKConfigurationsSDK (~> 4.0.1)
  - ZendeskMessagingSDK (6.2.0):
    - ZendeskCommonUISDK (~> 9.2.0)
    - ZendeskMessagingAPISDK (~> 6.0.2)
  - ZendeskSDKConfigurationsSDK (4.0.1)
  - ZendeskSupportProvidersSDK (9.0.0):
    - ZendeskCoreSDK (~> 5.0.5)
  - ZendeskSupportSDK (9.2.0):
    - ZendeskMessagingSDK (~> 6.2.0)
    - ZendeskSupportProvidersSDK (~> 9.0.0)

DEPENDENCIES:
  - Flutter (from `Flutter`)
  - integration_test (from `.symlinks/plugins/integration_test/ios`)
  - simx_zendesk_support (from `.symlinks/plugins/simx_zendesk_support/ios`)

SPEC REPOS:
  trunk:
    - ZendeskAnswerBotProvidersSDK
    - ZendeskAnswerBotSDK
    - ZendeskChatProvidersSDK
    - ZendeskChatSDK
    - ZendeskCommonUISDK
    - ZendeskCoreSDK
    - ZendeskMessagingAPISDK
    - ZendeskMessagingSDK
    - ZendeskSDKConfigurationsSDK
    - ZendeskSupportProvidersSDK
    - ZendeskSupportSDK

EXTERNAL SOURCES:
  Flutter:
    :path: Flutter
  integration_test:
    :path: ".symlinks/plugins/integration_test/ios"
  simx_zendesk_support:
    :path: ".symlinks/plugins/simx_zendesk_support/ios"

SPEC CHECKSUMS:
  Flutter: cabc95a1d2626b1b06e7179b784ebcf0c0cde467
  integration_test: 4a889634ef21a45d28d50d622cf412dc6d9f586e
  simx_zendesk_support: fd4ce2e48038ff5276d4267d908d091ad8af9885
  ZendeskAnswerBotProvidersSDK: 2f3d0e38acdbd4507862b4e4a7b28d3764072854
  ZendeskAnswerBotSDK: 7384c24429917499d7649db63fdebb175db295ca
  ZendeskChatProvidersSDK: 5cfc4a3dee03317ba54920e3258edda52ff9a329
  ZendeskChatSDK: f6bdad828a076307012d90d833fff5c935d93726
  ZendeskCommonUISDK: 01e1bea5c4a6e70a43aa1ed6a27f88737596e7f1
  ZendeskCoreSDK: c542b3f82abc3ee52e1291c6fb3436515e098806
  ZendeskMessagingAPISDK: 5b3a9d16f2f4d8b3c07b4ca0451a7cf9bfd8107d
  ZendeskMessagingSDK: 51c08a540d2fb05ec860a46ce432161254271012
  ZendeskSDKConfigurationsSDK: d0b28eeb9c3d88191cfd2c7f246b2522c8c357f4
  ZendeskSupportProvidersSDK: 281acf2bb731d2a67f913cfe653ed0da9f5b2f42
  ZendeskSupportSDK: 91333dc788589de1d4095f7f7e5ea90d5160bbc2

PODFILE CHECKSUM: 251cb053df7158f337c0712f2ab29f4e0fa474ce

COCOAPODS: 1.16.2
